
Microsoft Visual Studio Solution File, Format Version 12.00
# Visual Studio 15
VisualStudioVersion = 15.0.28307.852
MinimumVisualStudioVersion = 10.0.40219.1
Project("{FAE04EC0-301F-11D3-BF4B-00C04F79EFBC}") = "Presentacion", "Presentacion\Presentacion.csproj", "{EFF14552-B421-47BE-A564-C52BA3F12DF9}"
EndProject
Project("{FAE04EC0-301F-11D3-BF4B-00C04F79EFBC}") = "Datos", "Datos\Datos.csproj", "{2021F9DC-F3D9-4482-A2BB-ED5B7C35BBC9}"
EndProject
Project("{FAE04EC0-301F-11D3-BF4B-00C04F79EFBC}") = "Negocio", "Negocio\Negocio.csproj", "{131E653F-13AF-4EDF-A098-9180173B7FA4}"
EndProject
Project("{FAE04EC0-301F-11D3-BF4B-00C04F79EFBC}") = "ControlesPersonalizados", "ControlesPersonalizados\ControlesPersonalizados.csproj", "{8E33AF25-9750-42A2-9B95-7C0F96F3BD9A}"
EndProject
Global
	GlobalSection(SolutionConfigurationPlatforms) = preSolution
		Debug|Any CPU = Debug|Any CPU
		Release|Any CPU = Release|Any CPU
	EndGlobalSection
	GlobalSection(ProjectConfigurationPlatforms) = postSolution
		{EFF14552-B421-47BE-A564-C52BA3F12DF9}.Debug|Any CPU.ActiveCfg = Debug|Any CPU
		{EFF14552-B421-47BE-A564-C52BA3F12DF9}.Debug|Any CPU.Build.0 = Debug|Any CPU
		{EFF14552-B421-47BE-A564-C52BA3F12DF9}.Release|Any CPU.ActiveCfg = Release|Any CPU
		{EFF14552-B421-47BE-A564-C52BA3F12DF9}.Release|Any CPU.Build.0 = Release|Any CPU
		{2021F9DC-F3D9-4482-A2BB-ED5B7C35BBC9}.Debug|Any CPU.ActiveCfg = Debug|Any CPU
		{2021F9DC-F3D9-4482-A2BB-ED5B7C35BBC9}.Debug|Any CPU.Build.0 = Debug|Any CPU
		{2021F9DC-F3D9-4482-A2BB-ED5B7C35BBC9}.Release|Any CPU.ActiveCfg = Release|Any CPU
		{2021F9DC-F3D9-4482-A2BB-ED5B7C35BBC9}.Release|Any CPU.Build.0 = Release|Any CPU
		{131E653F-13AF-4EDF-A098-9180173B7FA4}.Debug|Any CPU.ActiveCfg = Debug|Any CPU
		{131E653F-13AF-4EDF-A098-9180173B7FA4}.Debug|Any CPU.Build.0 = Debug|Any CPU
		{131E653F-13AF-4EDF-A098-9180173B7FA4}.Release|Any CPU.ActiveCfg = Release|Any CPU
		{131E653F-13AF-4EDF-A098-9180173B7FA4}.Release|Any CPU.Build.0 = Release|Any CPU
		{8E33AF25-9750-42A2-9B95-7C0F96F3BD9A}.Debug|Any CPU.ActiveCfg = Debug|Any CPU
		{8E33AF25-9750-42A2-9B95-7C0F96F3BD9A}.Debug|Any CPU.Build.0 = Debug|Any CPU
		{8E33AF25-9750-42A2-9B95-7C0F96F3BD9A}.Release|Any CPU.ActiveCfg = Release|Any CPU
		{8E33AF25-9750-42A2-9B95-7C0F96F3BD9A}.Release|Any CPU.Build.0 = Release|Any CPU
	EndGlobalSection
	GlobalSection(SolutionProperties) = preSolution
		HideSolutionNode = FALSE
	EndGlobalSection
	GlobalSection(ExtensibilityGlobals) = postSolution
		SolutionGuid = {EE8056EC-3DC8-48BB-AC16-87BFC09228F9}
	EndGlobalSection
EndGlobal
